# This file is automatically @generated by Cargo.
# It is not intended for manual editing.
version = 4

[[package]]
name = "abi"
version = "0.1.0"

[[package]]
name = "barcode"
version = "0.1.0"
dependencies = [
 "abi",
 "barcoders",
]

[[package]]
name = "barcoders"
version = "2.0.0"
source = "registry+https://github.com/rust-lang/crates.io-index"
checksum = "a3826fb6e98ec72c0c0db8c9a40af4932d16793021027469857e84c1b50a1e8f"
